
Microsoft Visual Studio Solution File, Format Version 11.00
# Visual Studio 2010
Project("{FAE04EC0-301F-11D3-BF4B-00C04F79EFBC}") = "qtPictureBox", "qtPictureBox\qtPictureBox.csproj", "{AE75C636-0CDD-4A14-843E-624672B2CDC7}"
EndProject
Project("{FAE04EC0-301F-11D3-BF4B-00C04F79EFBC}") = "qtPictureBoxTest", "qtPictureBoxTest\qtPictureBoxTest.csproj", "{5F36A560-43A4-4F7D-83C5-C4FC7D0BE8B4}"
EndProject
Global
	GlobalSection(SolutionConfigurationPlatforms) = preSolution
		Debug|Any CPU = Debug|Any CPU
		Release|Any CPU = Release|Any CPU
	EndGlobalSection
	GlobalSection(ProjectConfigurationPlatforms) = postSolution
		{AE75C636-0CDD-4A14-843E-624672B2CDC7}.Debug|Any CPU.ActiveCfg = Debug|Any CPU
		{AE75C636-0CDD-4A14-843E-624672B2CDC7}.Debug|Any CPU.Build.0 = Debug|Any CPU
		{AE75C636-0CDD-4A14-843E-624672B2CDC7}.Release|Any CPU.ActiveCfg = Release|Any CPU
		{AE75C636-0CDD-4A14-843E-624672B2CDC7}.Release|Any CPU.Build.0 = Release|Any CPU
		{5F36A560-43A4-4F7D-83C5-C4FC7D0BE8B4}.Debug|Any CPU.ActiveCfg = Debug|Any CPU
		{5F36A560-43A4-4F7D-83C5-C4FC7D0BE8B4}.Debug|Any CPU.Build.0 = Debug|Any CPU
		{5F36A560-43A4-4F7D-83C5-C4FC7D0BE8B4}.Release|Any CPU.ActiveCfg = Release|Any CPU
		{5F36A560-43A4-4F7D-83C5-C4FC7D0BE8B4}.Release|Any CPU.Build.0 = Release|Any CPU
	EndGlobalSection
	GlobalSection(SolutionProperties) = preSolution
		HideSolutionNode = FALSE
	EndGlobalSection
EndGlobal
