
Microsoft Visual Studio Solution File, Format Version 9.00
# Visual Studio 2005
Project("{FAE04EC0-301F-11D3-BF4B-00C04F79EFBC}") = "SketchieGemsV2", "SketchieGemsV2\SketchieGemsV2.csproj", "{8895A7D7-8E39-4C02-ADDB-69C5D5968778}"
EndProject
Global
	GlobalSection(SolutionConfigurationPlatforms) = preSolution
		Debug|Any CPU = Debug|Any CPU
		Release|Any CPU = Release|Any CPU
	EndGlobalSection
	GlobalSection(ProjectConfigurationPlatforms) = postSolution
		{8895A7D7-8E39-4C02-ADDB-69C5D5968778}.Debug|Any CPU.ActiveCfg = Debug|Any CPU
		{8895A7D7-8E39-4C02-ADDB-69C5D5968778}.Debug|Any CPU.Build.0 = Debug|Any CPU
		{8895A7D7-8E39-4C02-ADDB-69C5D5968778}.Release|Any CPU.ActiveCfg = Release|Any CPU
		{8895A7D7-8E39-4C02-ADDB-69C5D5968778}.Release|Any CPU.Build.0 = Release|Any CPU
	EndGlobalSection
	GlobalSection(SolutionProperties) = preSolution
		HideSolutionNode = FALSE
	EndGlobalSection
EndGlobal
