
Microsoft Visual Studio Solution File, Format Version 11.00
# Visual Studio 2010
Project("{FAE04EC0-301F-11D3-BF4B-00C04F79EFBC}") = "hp-tac-concentra2mm", "hp-tac-concentra2mm\hp-tac-concentra2mm.csproj", "{F66449B9-9C7C-4351-BBB0-A315B075042F}"
EndProject
Global
	GlobalSection(SolutionConfigurationPlatforms) = preSolution
		Debug|x86 = Debug|x86
		Release|x86 = Release|x86
	EndGlobalSection
	GlobalSection(ProjectConfigurationPlatforms) = postSolution
		{F66449B9-9C7C-4351-BBB0-A315B075042F}.Debug|x86.ActiveCfg = Debug|x86
		{F66449B9-9C7C-4351-BBB0-A315B075042F}.Debug|x86.Build.0 = Debug|x86
		{F66449B9-9C7C-4351-BBB0-A315B075042F}.Release|x86.ActiveCfg = Release|x86
		{F66449B9-9C7C-4351-BBB0-A315B075042F}.Release|x86.Build.0 = Release|x86
	EndGlobalSection
	GlobalSection(SolutionProperties) = preSolution
		HideSolutionNode = FALSE
	EndGlobalSection
EndGlobal
