
Microsoft Visual Studio Solution File, Format Version 9.00
# Visual Studio 2005
Project("{FAE04EC0-301F-11D3-BF4B-00C04F79EFBC}") = "GradientProgressBar", "GradientProgressBar\GradientProgressBar.csproj", "{843A88FD-8AC5-42E1-814D-BF0AA9DBFC6F}"
EndProject
Global
	GlobalSection(SolutionConfigurationPlatforms) = preSolution
		Debug|Any CPU = Debug|Any CPU
		Release|Any CPU = Release|Any CPU
	EndGlobalSection
	GlobalSection(ProjectConfigurationPlatforms) = postSolution
		{843A88FD-8AC5-42E1-814D-BF0AA9DBFC6F}.Debug|Any CPU.ActiveCfg = Debug|Any CPU
		{843A88FD-8AC5-42E1-814D-BF0AA9DBFC6F}.Debug|Any CPU.Build.0 = Debug|Any CPU
		{843A88FD-8AC5-42E1-814D-BF0AA9DBFC6F}.Release|Any CPU.ActiveCfg = Release|Any CPU
		{843A88FD-8AC5-42E1-814D-BF0AA9DBFC6F}.Release|Any CPU.Build.0 = Release|Any CPU
	EndGlobalSection
	GlobalSection(SolutionProperties) = preSolution
		HideSolutionNode = FALSE
	EndGlobalSection
EndGlobal
